// !$*UTF8*$!
{
	archiveVersion = 1;
	classes = {
	};
	objectVersion = 46;
	objects = {

/* Begin PBXBuildFile section */
		900AEE421A2B5E7C00848B57 /* main.m in Sources */ = {isa = PBXBuildFile; fileRef = 900AEE411A2B5E7C00848B57 /* main.m */; };
		900AEE5C1A2B5E7C00848B57 /* TMeterTests.m in Sources */ = {isa = PBXBuildFile; fileRef = 900AEE5B1A2B5E7C00848B57 /* TMeterTests.m */; };
		900AEE6F1A2B638200848B57 /* TMAppDelegate.m in Sources */ = {isa = PBXBuildFile; fileRef = 900AEE691A2B638200848B57 /* TMAppDelegate.m */; };
		900AEE701A2B638200848B57 /* TMMainViewController.m in Sources */ = {isa = PBXBuildFile; fileRef = 900AEE6C1A2B638200848B57 /* TMMainViewController.m */; };
		900AEE741A2B638C00848B57 /* Main.storyboard in Resources */ = {isa = PBXBuildFile; fileRef = 900AEE721A2B638C00848B57 /* Main.storyboard */; };
		900AEE811A2B63BF00848B57 /* Default-568h@2x.png in Resources */ = {isa = PBXBuildFile; fileRef = 900AEE781A2B63BF00848B57 /* Default-568h@2x.png */; };
		900AEE831A2B63BF00848B57 /* Default@2x.png in Resources */ = {isa = PBXBuildFile; fileRef = 900AEE7A1A2B63BF00848B57 /* Default@2x.png */; };
		900AEE871A2B63BF00848B57 /* Icon@2x.png in Resources */ = {isa = PBXBuildFile; fileRef = 900AEE7E1A2B63BF00848B57 /* Icon@2x.png */; };
		900AEE881A2B63BF00848B57 /* iTunesArtwork in Resources */ = {isa = PBXBuildFile; fileRef = 900AEE7F1A2B63BF00848B57 /* iTunesArtwork */; };
		900AEE891A2B63BF00848B57 /* iTunesArtwork@2x in Resources */ = {isa = PBXBuildFile; fileRef = 900AEE801A2B63BF00848B57 /* iTunesArtwork@2x */; };
		900AEE901A2B6DC500848B57 /* SVSegmentedControl.m in Sources */ = {isa = PBXBuildFile; fileRef = 900AEE8D1A2B6DC500848B57 /* SVSegmentedControl.m */; };
		900AEE911A2B6DC500848B57 /* SVSegmentedThumb.m in Sources */ = {isa = PBXBuildFile; fileRef = 900AEE8F1A2B6DC500848B57 /* SVSegmentedThumb.m */; };
		900AEE9A1A2B706100848B57 /* main_about_button_highlighted@2x.png in Resources */ = {isa = PBXBuildFile; fileRef = 900AEE931A2B706100848B57 /* main_about_button_highlighted@2x.png */; };
		900AEE9B1A2B706100848B57 /* main_about_button_default@2x.png in Resources */ = {isa = PBXBuildFile; fileRef = 900AEE941A2B706100848B57 /* main_about_button_default@2x.png */; };
		900AEE9C1A2B706100848B57 /* main_bottom_background@2x.png in Resources */ = {isa = PBXBuildFile; fileRef = 900AEE951A2B706100848B57 /* main_bottom_background@2x.png */; };
		900AEE9D1A2B706100848B57 /* main_bubble_background@2x.png in Resources */ = {isa = PBXBuildFile; fileRef = 900AEE961A2B706100848B57 /* main_bubble_background@2x.png */; };
		900AEE9E1A2B706100848B57 /* main_flag@2x.png in Resources */ = {isa = PBXBuildFile; fileRef = 900AEE971A2B706100848B57 /* main_flag@2x.png */; };
		900AEE9F1A2B706100848B57 /* main_girl@2x.png in Resources */ = {isa = PBXBuildFile; fileRef = 900AEE981A2B706100848B57 /* main_girl@2x.png */; };
		900AEEA01A2B706100848B57 /* main_top_background@2x.png in Resources */ = {isa = PBXBuildFile; fileRef = 900AEE991A2B706100848B57 /* main_top_background@2x.png */; };
		900AEEA71A2B7C1100848B57 /* TMUtils.m in Sources */ = {isa = PBXBuildFile; fileRef = 900AEEA61A2B7C1100848B57 /* TMUtils.m */; };
		900AEEAA1A2B8B0700848B57 /* TMCircleLayout.m in Sources */ = {isa = PBXBuildFile; fileRef = 900AEEA91A2B8B0700848B57 /* TMCircleLayout.m */; };
		900AEEAD1A2B8E6F00848B57 /* TMCircleCell.m in Sources */ = {isa = PBXBuildFile; fileRef = 900AEEAC1A2B8E6F00848B57 /* TMCircleCell.m */; };
		900AEEB51A2B904600848B57 /* point_green@2x.png in Resources */ = {isa = PBXBuildFile; fileRef = 900AEEAF1A2B904600848B57 /* point_green@2x.png */; };
		900AEEB71A2B904600848B57 /* point_red_active@2x.png in Resources */ = {isa = PBXBuildFile; fileRef = 900AEEB11A2B904600848B57 /* point_red_active@2x.png */; };
		900AEEB91A2B904600848B57 /* point_red@2x.png in Resources */ = {isa = PBXBuildFile; fileRef = 900AEEB31A2B904600848B57 /* point_red@2x.png */; };
		905510741A3643B00001BB69 /* settings_top_background@2x.png in Resources */ = {isa = PBXBuildFile; fileRef = 905510731A3643B00001BB69 /* settings_top_background@2x.png */; };
		905510761A3645810001BB69 /* settings_background@2x.png in Resources */ = {isa = PBXBuildFile; fileRef = 905510751A3645810001BB69 /* settings_background@2x.png */; };
		905510791A3645F60001BB69 /* segmented_control_background@2x.png in Resources */ = {isa = PBXBuildFile; fileRef = 905510771A3645F60001BB69 /* segmented_control_background@2x.png */; };
		9055107A1A3645F60001BB69 /* segmented_control_thumb_background@2x.png in Resources */ = {isa = PBXBuildFile; fileRef = 905510781A3645F60001BB69 /* segmented_control_thumb_background@2x.png */; };
		9055107C1A3646490001BB69 /* green_button@2x.png in Resources */ = {isa = PBXBuildFile; fileRef = 9055107B1A3646490001BB69 /* green_button@2x.png */; };
		9055107F1A36492B0001BB69 /* TMSettingsViewController.m in Sources */ = {isa = PBXBuildFile; fileRef = 9055107E1A36492B0001BB69 /* TMSettingsViewController.m */; };
		905510821A364B580001BB69 /* TMSegmentCell.m in Sources */ = {isa = PBXBuildFile; fileRef = 905510811A364B580001BB69 /* TMSegmentCell.m */; };
		905510851A364C100001BB69 /* TMSettingsCell.m in Sources */ = {isa = PBXBuildFile; fileRef = 905510841A364C100001BB69 /* TMSettingsCell.m */; };
		9055108B1A364DD60001BB69 /* UIImage+Additions.m in Sources */ = {isa = PBXBuildFile; fileRef = 9055108A1A364DD60001BB69 /* UIImage+Additions.m */; };
		9055108F1A364DEF0001BB69 /* UIView+Sizes.m in Sources */ = {isa = PBXBuildFile; fileRef = 9055108E1A364DEF0001BB69 /* UIView+Sizes.m */; };
		905510911A364E9D0001BB69 /* cell_disclosureIndicator@2x.png in Resources */ = {isa = PBXBuildFile; fileRef = 905510901A364E9D0001BB69 /* cell_disclosureIndicator@2x.png */; };
		905510961A364EC50001BB69 /* cell_background_bottom@2x.png in Resources */ = {isa = PBXBuildFile; fileRef = 905510921A364EC50001BB69 /* cell_background_bottom@2x.png */; };
		905510971A364EC50001BB69 /* cell_background_middle@2x.png in Resources */ = {isa = PBXBuildFile; fileRef = 905510931A364EC50001BB69 /* cell_background_middle@2x.png */; };
		905510981A364EC50001BB69 /* cell_background_single@2x.png in Resources */ = {isa = PBXBuildFile; fileRef = 905510941A364EC50001BB69 /* cell_background_single@2x.png */; };
		905510991A364EC50001BB69 /* cell_background_top@2x.png in Resources */ = {isa = PBXBuildFile; fileRef = 905510951A364EC50001BB69 /* cell_background_top@2x.png */; };
		909385CF1A2CDA48007D512D /* icon1@2x.png in Resources */ = {isa = PBXBuildFile; fileRef = 909385CA1A2CDA48007D512D /* icon1@2x.png */; };
		909385D01A2CDA48007D512D /* icon2@2x.png in Resources */ = {isa = PBXBuildFile; fileRef = 909385CB1A2CDA48007D512D /* icon2@2x.png */; };
		909385D11A2CDA48007D512D /* icon3@2x.png in Resources */ = {isa = PBXBuildFile; fileRef = 909385CC1A2CDA48007D512D /* icon3@2x.png */; };
		909385D21A2CDA48007D512D /* icon4@2x.png in Resources */ = {isa = PBXBuildFile; fileRef = 909385CD1A2CDA48007D512D /* icon4@2x.png */; };
		909385D31A2CDA48007D512D /* main_start_button@2x.png in Resources */ = {isa = PBXBuildFile; fileRef = 909385CE1A2CDA48007D512D /* main_start_button@2x.png */; };
/* End PBXBuildFile section */

/* Begin PBXContainerItemProxy section */
		900AEE561A2B5E7C00848B57 /* PBXContainerItemProxy */ = {
			isa = PBXContainerItemProxy;
			containerPortal = 900AEE341A2B5E7C00848B57 /* Project object */;
			proxyType = 1;
			remoteGlobalIDString = 900AEE3B1A2B5E7C00848B57;
			remoteInfo = TMeter;
		};
/* End PBXContainerItemProxy section */

/* Begin PBXFileReference section */
		900AEE3C1A2B5E7C00848B57 /* TMeter.app */ = {isa = PBXFileReference; explicitFileType = wrapper.application; includeInIndex = 0; path = TMeter.app; sourceTree = BUILT_PRODUCTS_DIR; };
		900AEE401A2B5E7C00848B57 /* Info.plist */ = {isa = PBXFileReference; lastKnownFileType = text.plist.xml; path = Info.plist; sourceTree = "<group>"; };
		900AEE411A2B5E7C00848B57 /* main.m */ = {isa = PBXFileReference; lastKnownFileType = sourcecode.c.objc; path = main.m; sourceTree = "<group>"; };
		900AEE551A2B5E7C00848B57 /* TMeterTests.xctest */ = {isa = PBXFileReference; explicitFileType = wrapper.cfbundle; includeInIndex = 0; path = TMeterTests.xctest; sourceTree = BUILT_PRODUCTS_DIR; };
		900AEE5A1A2B5E7C00848B57 /* Info.plist */ = {isa = PBXFileReference; lastKnownFileType = text.plist.xml; path = Info.plist; sourceTree = "<group>"; };
		900AEE5B1A2B5E7C00848B57 /* TMeterTests.m */ = {isa = PBXFileReference; lastKnownFileType = sourcecode.c.objc; path = TMeterTests.m; sourceTree = "<group>"; };
		900AEE681A2B638200848B57 /* TMAppDelegate.h */ = {isa = PBXFileReference; fileEncoding = 4; lastKnownFileType = sourcecode.c.h; path = TMAppDelegate.h; sourceTree = "<group>"; };
		900AEE691A2B638200848B57 /* TMAppDelegate.m */ = {isa = PBXFileReference; fileEncoding = 4; lastKnownFileType = sourcecode.c.objc; path = TMAppDelegate.m; sourceTree = "<group>"; };
		900AEE6B1A2B638200848B57 /* TMMainViewController.h */ = {isa = PBXFileReference; fileEncoding = 4; lastKnownFileType = sourcecode.c.h; path = TMMainViewController.h; sourceTree = "<group>"; };
		900AEE6C1A2B638200848B57 /* TMMainViewController.m */ = {isa = PBXFileReference; fileEncoding = 4; lastKnownFileType = sourcecode.c.objc; path = TMMainViewController.m; sourceTree = "<group>"; };
		900AEE731A2B638C00848B57 /* Base */ = {isa = PBXFileReference; lastKnownFileType = file.storyboard; name = Base; path = Base.lproj/Main.storyboard; sourceTree = "<group>"; };
		900AEE781A2B63BF00848B57 /* Default-568h@2x.png */ = {isa = PBXFileReference; lastKnownFileType = image.png; path = "Default-568h@2x.png"; sourceTree = "<group>"; };
		900AEE7A1A2B63BF00848B57 /* Default@2x.png */ = {isa = PBXFileReference; lastKnownFileType = image.png; path = "Default@2x.png"; sourceTree = "<group>"; };
		900AEE7E1A2B63BF00848B57 /* Icon@2x.png */ = {isa = PBXFileReference; lastKnownFileType = image.png; path = "Icon@2x.png"; sourceTree = "<group>"; };
		900AEE7F1A2B63BF00848B57 /* iTunesArtwork */ = {isa = PBXFileReference; lastKnownFileType = file; path = iTunesArtwork; sourceTree = "<group>"; };
		900AEE801A2B63BF00848B57 /* iTunesArtwork@2x */ = {isa = PBXFileReference; lastKnownFileType = file; path = "iTunesArtwork@2x"; sourceTree = "<group>"; };
		900AEE8A1A2B6D5C00848B57 /* Macros.h */ = {isa = PBXFileReference; lastKnownFileType = sourcecode.c.h; path = Macros.h; sourceTree = "<group>"; };
		900AEE8C1A2B6DC500848B57 /* SVSegmentedControl.h */ = {isa = PBXFileReference; fileEncoding = 4; lastKnownFileType = sourcecode.c.h; path = SVSegmentedControl.h; sourceTree = "<group>"; };
		900AEE8D1A2B6DC500848B57 /* SVSegmentedControl.m */ = {isa = PBXFileReference; fileEncoding = 4; lastKnownFileType = sourcecode.c.objc; path = SVSegmentedControl.m; sourceTree = "<group>"; };
		900AEE8E1A2B6DC500848B57 /* SVSegmentedThumb.h */ = {isa = PBXFileReference; fileEncoding = 4; lastKnownFileType = sourcecode.c.h; path = SVSegmentedThumb.h; sourceTree = "<group>"; };
		900AEE8F1A2B6DC500848B57 /* SVSegmentedThumb.m */ = {isa = PBXFileReference; fileEncoding = 4; lastKnownFileType = sourcecode.c.objc; path = SVSegmentedThumb.m; sourceTree = "<group>"; };
		900AEE931A2B706100848B57 /* main_about_button_highlighted@2x.png */ = {isa = PBXFileReference; lastKnownFileType = image.png; path = "main_about_button_highlighted@2x.png"; sourceTree = "<group>"; };
		900AEE941A2B706100848B57 /* main_about_button_default@2x.png */ = {isa = PBXFileReference; lastKnownFileType = image.png; path = "main_about_button_default@2x.png"; sourceTree = "<group>"; };
		900AEE951A2B706100848B57 /* main_bottom_background@2x.png */ = {isa = PBXFileReference; lastKnownFileType = image.png; path = "main_bottom_background@2x.png"; sourceTree = "<group>"; };
		900AEE961A2B706100848B57 /* main_bubble_background@2x.png */ = {isa = PBXFileReference; lastKnownFileType = image.png; path = "main_bubble_background@2x.png"; sourceTree = "<group>"; };
		900AEE971A2B706100848B57 /* main_flag@2x.png */ = {isa = PBXFileReference; lastKnownFileType = image.png; path = "main_flag@2x.png"; sourceTree = "<group>"; };
		900AEE981A2B706100848B57 /* main_girl@2x.png */ = {isa = PBXFileReference; lastKnownFileType = image.png; path = "main_girl@2x.png"; sourceTree = "<group>"; };
		900AEE991A2B706100848B57 /* main_top_background@2x.png */ = {isa = PBXFileReference; lastKnownFileType = image.png; path = "main_top_background@2x.png"; sourceTree = "<group>"; };
		900AEEA51A2B7C1100848B57 /* TMUtils.h */ = {isa = PBXFileReference; fileEncoding = 4; lastKnownFileType = sourcecode.c.h; path = TMUtils.h; sourceTree = "<group>"; };
		900AEEA61A2B7C1100848B57 /* TMUtils.m */ = {isa = PBXFileReference; fileEncoding = 4; lastKnownFileType = sourcecode.c.objc; path = TMUtils.m; sourceTree = "<group>"; };
		900AEEA81A2B8B0700848B57 /* TMCircleLayout.h */ = {isa = PBXFileReference; fileEncoding = 4; lastKnownFileType = sourcecode.c.h; path = TMCircleLayout.h; sourceTree = "<group>"; };
		900AEEA91A2B8B0700848B57 /* TMCircleLayout.m */ = {isa = PBXFileReference; fileEncoding = 4; lastKnownFileType = sourcecode.c.objc; path = TMCircleLayout.m; sourceTree = "<group>"; };
		900AEEAB1A2B8E6F00848B57 /* TMCircleCell.h */ = {isa = PBXFileReference; fileEncoding = 4; lastKnownFileType = sourcecode.c.h; path = TMCircleCell.h; sourceTree = "<group>"; };
		900AEEAC1A2B8E6F00848B57 /* TMCircleCell.m */ = {isa = PBXFileReference; fileEncoding = 4; lastKnownFileType = sourcecode.c.objc; path = TMCircleCell.m; sourceTree = "<group>"; };
		900AEEAF1A2B904600848B57 /* point_green@2x.png */ = {isa = PBXFileReference; lastKnownFileType = image.png; path = "point_green@2x.png"; sourceTree = "<group>"; };
		900AEEB11A2B904600848B57 /* point_red_active@2x.png */ = {isa = PBXFileReference; lastKnownFileType = image.png; path = "point_red_active@2x.png"; sourceTree = "<group>"; };
		900AEEB31A2B904600848B57 /* point_red@2x.png */ = {isa = PBXFileReference; lastKnownFileType = image.png; path = "point_red@2x.png"; sourceTree = "<group>"; };
		905510731A3643B00001BB69 /* settings_top_background@2x.png */ = {isa = PBXFileReference; lastKnownFileType = image.png; path = "settings_top_background@2x.png"; sourceTree = "<group>"; };
		905510751A3645810001BB69 /* settings_background@2x.png */ = {isa = PBXFileReference; lastKnownFileType = image.png; path = "settings_background@2x.png"; sourceTree = "<group>"; };
		905510771A3645F60001BB69 /* segmented_control_background@2x.png */ = {isa = PBXFileReference; lastKnownFileType = image.png; path = "segmented_control_background@2x.png"; sourceTree = "<group>"; };
		905510781A3645F60001BB69 /* segmented_control_thumb_background@2x.png */ = {isa = PBXFileReference; lastKnownFileType = image.png; path = "segmented_control_thumb_background@2x.png"; sourceTree = "<group>"; };
		9055107B1A3646490001BB69 /* green_button@2x.png */ = {isa = PBXFileReference; lastKnownFileType = image.png; path = "green_button@2x.png"; sourceTree = "<group>"; };
		9055107D1A36492B0001BB69 /* TMSettingsViewController.h */ = {isa = PBXFileReference; fileEncoding = 4; lastKnownFileType = sourcecode.c.h; path = TMSettingsViewController.h; sourceTree = "<group>"; };
		9055107E1A36492B0001BB69 /* TMSettingsViewController.m */ = {isa = PBXFileReference; fileEncoding = 4; lastKnownFileType = sourcecode.c.objc; path = TMSettingsViewController.m; sourceTree = "<group>"; };
		905510801A364B580001BB69 /* TMSegmentCell.h */ = {isa = PBXFileReference; fileEncoding = 4; lastKnownFileType = sourcecode.c.h; path = TMSegmentCell.h; sourceTree = "<group>"; };
		905510811A364B580001BB69 /* TMSegmentCell.m */ = {isa = PBXFileReference; fileEncoding = 4; lastKnownFileType = sourcecode.c.objc; path = TMSegmentCell.m; sourceTree = "<group>"; };
		905510831A364C100001BB69 /* TMSettingsCell.h */ = {isa = PBXFileReference; fileEncoding = 4; lastKnownFileType = sourcecode.c.h; path = TMSettingsCell.h; sourceTree = "<group>"; };
		905510841A364C100001BB69 /* TMSettingsCell.m */ = {isa = PBXFileReference; fileEncoding = 4; lastKnownFileType = sourcecode.c.objc; path = TMSettingsCell.m; sourceTree = "<group>"; };
		905510891A364DD60001BB69 /* UIImage+Additions.h */ = {isa = PBXFileReference; fileEncoding = 4; lastKnownFileType = sourcecode.c.h; path = "UIImage+Additions.h"; sourceTree = "<group>"; };
		9055108A1A364DD60001BB69 /* UIImage+Additions.m */ = {isa = PBXFileReference; fileEncoding = 4; lastKnownFileType = sourcecode.c.objc; path = "UIImage+Additions.m"; sourceTree = "<group>"; };
		9055108D1A364DEF0001BB69 /* UIView+Sizes.h */ = {isa = PBXFileReference; fileEncoding = 4; lastKnownFileType = sourcecode.c.h; path = "UIView+Sizes.h"; sourceTree = "<group>"; };
		9055108E1A364DEF0001BB69 /* UIView+Sizes.m */ = {isa = PBXFileReference; fileEncoding = 4; lastKnownFileType = sourcecode.c.objc; path = "UIView+Sizes.m"; sourceTree = "<group>"; };
		905510901A364E9D0001BB69 /* cell_disclosureIndicator@2x.png */ = {isa = PBXFileReference; lastKnownFileType = image.png; path = "cell_disclosureIndicator@2x.png"; sourceTree = "<group>"; };
		905510921A364EC50001BB69 /* cell_background_bottom@2x.png */ = {isa = PBXFileReference; lastKnownFileType = image.png; path = "cell_background_bottom@2x.png"; sourceTree = "<group>"; };
		905510931A364EC50001BB69 /* cell_background_middle@2x.png */ = {isa = PBXFileReference; lastKnownFileType = image.png; path = "cell_background_middle@2x.png"; sourceTree = "<group>"; };
		905510941A364EC50001BB69 /* cell_background_single@2x.png */ = {isa = PBXFileReference; lastKnownFileType = image.png; path = "cell_background_single@2x.png"; sourceTree = "<group>"; };
		905510951A364EC50001BB69 /* cell_background_top@2x.png */ = {isa = PBXFileReference; lastKnownFileType = image.png; path = "cell_background_top@2x.png"; sourceTree = "<group>"; };
		909385CA1A2CDA48007D512D /* icon1@2x.png */ = {isa = PBXFileReference; lastKnownFileType = image.png; path = "icon1@2x.png"; sourceTree = "<group>"; };
		909385CB1A2CDA48007D512D /* icon2@2x.png */ = {isa = PBXFileReference; lastKnownFileType = image.png; path = "icon2@2x.png"; sourceTree = "<group>"; };
		909385CC1A2CDA48007D512D /* icon3@2x.png */ = {isa = PBXFileReference; lastKnownFileType = image.png; path = "icon3@2x.png"; sourceTree = "<group>"; };
		909385CD1A2CDA48007D512D /* icon4@2x.png */ = {isa = PBXFileReference; lastKnownFileType = image.png; path = "icon4@2x.png"; sourceTree = "<group>"; };
		909385CE1A2CDA48007D512D /* main_start_button@2x.png */ = {isa = PBXFileReference; lastKnownFileType = image.png; path = "main_start_button@2x.png"; sourceTree = "<group>"; };
/* End PBXFileReference section */

/* Begin PBXFrameworksBuildPhase section */
		900AEE391A2B5E7C00848B57 /* Frameworks */ = {
			isa = PBXFrameworksBuildPhase;
			buildActionMask = 2147483647;
			files = (
			);
			runOnlyForDeploymentPostprocessing = 0;
		};
		900AEE521A2B5E7C00848B57 /* Frameworks */ = {
			isa = PBXFrameworksBuildPhase;
			buildActionMask = 2147483647;
			files = (
			);
			runOnlyForDeploymentPostprocessing = 0;
		};
/* End PBXFrameworksBuildPhase section */

/* Begin PBXGroup section */
		900AEE331A2B5E7C00848B57 = {
			isa = PBXGroup;
			children = (
				900AEE3E1A2B5E7C00848B57 /* TMeter */,
				900AEE581A2B5E7C00848B57 /* TMeterTests */,
				900AEE3D1A2B5E7C00848B57 /* Products */,
			);
			sourceTree = "<group>";
		};
		900AEE3D1A2B5E7C00848B57 /* Products */ = {
			isa = PBXGroup;
			children = (
				900AEE3C1A2B5E7C00848B57 /* TMeter.app */,
				900AEE551A2B5E7C00848B57 /* TMeterTests.xctest */,
			);
			name = Products;
			sourceTree = "<group>";
		};
		900AEE3E1A2B5E7C00848B57 /* TMeter */ = {
			isa = PBXGroup;
			children = (
				900AEE651A2B638200848B57 /* Classes */,
				900AEE711A2B638C00848B57 /* Resources */,
				900AEE751A2B639400848B57 /* Vendor */,
				900AEE3F1A2B5E7C00848B57 /* Supporting Files */,
			);
			path = TMeter;
			sourceTree = "<group>";
		};
		900AEE3F1A2B5E7C00848B57 /* Supporting Files */ = {
			isa = PBXGroup;
			children = (
				900AEE401A2B5E7C00848B57 /* Info.plist */,
				900AEE411A2B5E7C00848B57 /* main.m */,
			);
			name = "Supporting Files";
			sourceTree = "<group>";
		};
		900AEE581A2B5E7C00848B57 /* TMeterTests */ = {
			isa = PBXGroup;
			children = (
				900AEE5B1A2B5E7C00848B57 /* TMeterTests.m */,
				900AEE591A2B5E7C00848B57 /* Supporting Files */,
			);
			path = TMeterTests;
			sourceTree = "<group>";
		};
		900AEE591A2B5E7C00848B57 /* Supporting Files */ = {
			isa = PBXGroup;
			children = (
				900AEE5A1A2B5E7C00848B57 /* Info.plist */,
			);
			name = "Supporting Files";
			sourceTree = "<group>";
		};
		900AEE651A2B638200848B57 /* Classes */ = {
			isa = PBXGroup;
			children = (
				900AEE661A2B638200848B57 /* Additions */,
				900AEE671A2B638200848B57 /* AppDelegate */,
				900AEE6A1A2B638200848B57 /* Controller */,
				900AEE6D1A2B638200848B57 /* Model */,
				900AEE6E1A2B638200848B57 /* View */,
			);
			path = Classes;
			sourceTree = "<group>";
		};
		900AEE661A2B638200848B57 /* Additions */ = {
			isa = PBXGroup;
			children = (
				900AEE8A1A2B6D5C00848B57 /* Macros.h */,
				9055108C1A364DEF0001BB69 /* RNBoilerplate */,
				905510881A364DD60001BB69 /* UIImage-Additions */,
			);
			path = Additions;
			sourceTree = "<group>";
		};
		900AEE671A2B638200848B57 /* AppDelegate */ = {
			isa = PBXGroup;
			children = (
				900AEE681A2B638200848B57 /* TMAppDelegate.h */,
				900AEE691A2B638200848B57 /* TMAppDelegate.m */,
			);
			path = AppDelegate;
			sourceTree = "<group>";
		};
		900AEE6A1A2B638200848B57 /* Controller */ = {
			isa = PBXGroup;
			children = (
				900AEE6B1A2B638200848B57 /* TMMainViewController.h */,
				900AEE6C1A2B638200848B57 /* TMMainViewController.m */,
				9055107D1A36492B0001BB69 /* TMSettingsViewController.h */,
				9055107E1A36492B0001BB69 /* TMSettingsViewController.m */,
			);
			path = Controller;
			sourceTree = "<group>";
		};
		900AEE6D1A2B638200848B57 /* Model */ = {
			isa = PBXGroup;
			children = (
				900AEEA51A2B7C1100848B57 /* TMUtils.h */,
				900AEEA61A2B7C1100848B57 /* TMUtils.m */,
			);
			path = Model;
			sourceTree = "<group>";
		};
		900AEE6E1A2B638200848B57 /* View */ = {
			isa = PBXGroup;
			children = (
				900AEEA81A2B8B0700848B57 /* TMCircleLayout.h */,
				900AEEA91A2B8B0700848B57 /* TMCircleLayout.m */,
				900AEEAB1A2B8E6F00848B57 /* TMCircleCell.h */,
				900AEEAC1A2B8E6F00848B57 /* TMCircleCell.m */,
				905510801A364B580001BB69 /* TMSegmentCell.h */,
				905510811A364B580001BB69 /* TMSegmentCell.m */,
				905510831A364C100001BB69 /* TMSettingsCell.h */,
				905510841A364C100001BB69 /* TMSettingsCell.m */,
			);
			path = View;
			sourceTree = "<group>";
		};
		900AEE711A2B638C00848B57 /* Resources */ = {
			isa = PBXGroup;
			children = (
				900AEE721A2B638C00848B57 /* Main.storyboard */,
				900AEE761A2B63BF00848B57 /* images */,
			);
			path = Resources;
			sourceTree = "<group>";
		};
		900AEE751A2B639400848B57 /* Vendor */ = {
			isa = PBXGroup;
			children = (
				900AEE8B1A2B6DC500848B57 /* SVSegmentedControl */,
			);
			path = Vendor;
			sourceTree = "<group>";
		};
		900AEE761A2B63BF00848B57 /* images */ = {
			isa = PBXGroup;
			children = (
				900AEE771A2B63BF00848B57 /* app */,
				900AEE921A2B705300848B57 /* main */,
				905510721A3643A30001BB69 /* settings */,
			);
			path = images;
			sourceTree = "<group>";
		};
		900AEE771A2B63BF00848B57 /* app */ = {
			isa = PBXGroup;
			children = (
				900AEE781A2B63BF00848B57 /* Default-568h@2x.png */,
				900AEE7A1A2B63BF00848B57 /* Default@2x.png */,
				900AEE7E1A2B63BF00848B57 /* Icon@2x.png */,
				900AEE7F1A2B63BF00848B57 /* iTunesArtwork */,
				900AEE801A2B63BF00848B57 /* iTunesArtwork@2x */,
			);
			path = app;
			sourceTree = "<group>";
		};
		900AEE8B1A2B6DC500848B57 /* SVSegmentedControl */ = {
			isa = PBXGroup;
			children = (
				900AEE8C1A2B6DC500848B57 /* SVSegmentedControl.h */,
				900AEE8D1A2B6DC500848B57 /* SVSegmentedControl.m */,
				900AEE8E1A2B6DC500848B57 /* SVSegmentedThumb.h */,
				900AEE8F1A2B6DC500848B57 /* SVSegmentedThumb.m */,
			);
			path = SVSegmentedControl;
			sourceTree = "<group>";
		};
		900AEE921A2B705300848B57 /* main */ = {
			isa = PBXGroup;
			children = (
				909385CA1A2CDA48007D512D /* icon1@2x.png */,
				909385CB1A2CDA48007D512D /* icon2@2x.png */,
				909385CC1A2CDA48007D512D /* icon3@2x.png */,
				909385CD1A2CDA48007D512D /* icon4@2x.png */,
				900AEE931A2B706100848B57 /* main_about_button_highlighted@2x.png */,
				900AEE941A2B706100848B57 /* main_about_button_default@2x.png */,
				900AEE951A2B706100848B57 /* main_bottom_background@2x.png */,
				900AEE961A2B706100848B57 /* main_bubble_background@2x.png */,
				900AEE971A2B706100848B57 /* main_flag@2x.png */,
				900AEE981A2B706100848B57 /* main_girl@2x.png */,
				909385CE1A2CDA48007D512D /* main_start_button@2x.png */,
				900AEE991A2B706100848B57 /* main_top_background@2x.png */,
				900AEEAF1A2B904600848B57 /* point_green@2x.png */,
				900AEEB11A2B904600848B57 /* point_red_active@2x.png */,
				900AEEB31A2B904600848B57 /* point_red@2x.png */,
			);
			path = main;
			sourceTree = "<group>";
		};
		905510721A3643A30001BB69 /* settings */ = {
			isa = PBXGroup;
			children = (
				905510921A364EC50001BB69 /* cell_background_bottom@2x.png */,
				905510931A364EC50001BB69 /* cell_background_middle@2x.png */,
				905510941A364EC50001BB69 /* cell_background_single@2x.png */,
				905510951A364EC50001BB69 /* cell_background_top@2x.png */,
				905510901A364E9D0001BB69 /* cell_disclosureIndicator@2x.png */,
				9055107B1A3646490001BB69 /* green_button@2x.png */,
				905510751A3645810001BB69 /* settings_background@2x.png */,
				905510731A3643B00001BB69 /* settings_top_background@2x.png */,
				905510771A3645F60001BB69 /* segmented_control_background@2x.png */,
				905510781A3645F60001BB69 /* segmented_control_thumb_background@2x.png */,
			);
			path = settings;
			sourceTree = "<group>";
		};
		905510881A364DD60001BB69 /* UIImage-Additions */ = {
			isa = PBXGroup;
			children = (
				905510891A364DD60001BB69 /* UIImage+Additions.h */,
				9055108A1A364DD60001BB69 /* UIImage+Additions.m */,
			);
			path = "UIImage-Additions";
			sourceTree = "<group>";
		};
		9055108C1A364DEF0001BB69 /* RNBoilerplate */ = {
			isa = PBXGroup;
			children = (
				9055108D1A364DEF0001BB69 /* UIView+Sizes.h */,
				9055108E1A364DEF0001BB69 /* UIView+Sizes.m */,
			);
			path = RNBoilerplate;
			sourceTree = "<group>";
		};
/* End PBXGroup section */

/* Begin PBXNativeTarget section */
		900AEE3B1A2B5E7C00848B57 /* TMeter */ = {
			isa = PBXNativeTarget;
			buildConfigurationList = 900AEE5F1A2B5E7C00848B57 /* Build configuration list for PBXNativeTarget "TMeter" */;
			buildPhases = (
				900AEE381A2B5E7C00848B57 /* Sources */,
				900AEE391A2B5E7C00848B57 /* Frameworks */,
				900AEE3A1A2B5E7C00848B57 /* Resources */,
			);
			buildRules = (
			);
			dependencies = (
			);
			name = TMeter;
			productName = TMeter;
			productReference = 900AEE3C1A2B5E7C00848B57 /* TMeter.app */;
			productType = "com.apple.product-type.application";
		};
		900AEE541A2B5E7C00848B57 /* TMeterTests */ = {
			isa = PBXNativeTarget;
			buildConfigurationList = 900AEE621A2B5E7C00848B57 /* Build configuration list for PBXNativeTarget "TMeterTests" */;
			buildPhases = (
				900AEE511A2B5E7C00848B57 /* Sources */,
				900AEE521A2B5E7C00848B57 /* Frameworks */,
				900AEE531A2B5E7C00848B57 /* Resources */,
			);
			buildRules = (
			);
			dependencies = (
				900AEE571A2B5E7C00848B57 /* PBXTargetDependency */,
			);
			name = TMeterTests;
			productName = TMeterTests;
			productReference = 900AEE551A2B5E7C00848B57 /* TMeterTests.xctest */;
			productType = "com.apple.product-type.bundle.unit-test";
		};
/* End PBXNativeTarget section */

/* Begin PBXProject section */
		900AEE341A2B5E7C00848B57 /* Project object */ = {
			isa = PBXProject;
			attributes = {
				CLASSPREFIX = TM;
				LastUpgradeCheck = 0610;
				ORGANIZATIONNAME = "Mykola Vyshynskyi";
				TargetAttributes = {
					900AEE3B1A2B5E7C00848B57 = {
						CreatedOnToolsVersion = 6.1;
					};
					900AEE541A2B5E7C00848B57 = {
						CreatedOnToolsVersion = 6.1;
						TestTargetID = 900AEE3B1A2B5E7C00848B57;
					};
				};
			};
			buildConfigurationList = 900AEE371A2B5E7C00848B57 /* Build configuration list for PBXProject "TMeter" */;
			compatibilityVersion = "Xcode 3.2";
			developmentRegion = English;
			hasScannedForEncodings = 0;
			knownRegions = (
				en,
				Base,
			);
			mainGroup = 900AEE331A2B5E7C00848B57;
			productRefGroup = 900AEE3D1A2B5E7C00848B57 /* Products */;
			projectDirPath = "";
			projectRoot = "";
			targets = (
				900AEE3B1A2B5E7C00848B57 /* TMeter */,
				900AEE541A2B5E7C00848B57 /* TMeterTests */,
			);
		};
/* End PBXProject section */

/* Begin PBXResourcesBuildPhase section */
		900AEE3A1A2B5E7C00848B57 /* Resources */ = {
			isa = PBXResourcesBuildPhase;
			buildActionMask = 2147483647;
			files = (
				900AEEB51A2B904600848B57 /* point_green@2x.png in Resources */,
				900AEE9A1A2B706100848B57 /* main_about_button_highlighted@2x.png in Resources */,
				905510761A3645810001BB69 /* settings_background@2x.png in Resources */,
				900AEE891A2B63BF00848B57 /* iTunesArtwork@2x in Resources */,
				900AEE831A2B63BF00848B57 /* Default@2x.png in Resources */,
				900AEEB71A2B904600848B57 /* point_red_active@2x.png in Resources */,
				900AEE871A2B63BF00848B57 /* Icon@2x.png in Resources */,
				900AEE881A2B63BF00848B57 /* iTunesArtwork in Resources */,
				9055107A1A3645F60001BB69 /* segmented_control_thumb_background@2x.png in Resources */,
				905510791A3645F60001BB69 /* segmented_control_background@2x.png in Resources */,
				909385D01A2CDA48007D512D /* icon2@2x.png in Resources */,
				9055107C1A3646490001BB69 /* green_button@2x.png in Resources */,
				900AEE741A2B638C00848B57 /* Main.storyboard in Resources */,
				900AEEA01A2B706100848B57 /* main_top_background@2x.png in Resources */,
				900AEE9E1A2B706100848B57 /* main_flag@2x.png in Resources */,
				909385CF1A2CDA48007D512D /* icon1@2x.png in Resources */,
				909385D31A2CDA48007D512D /* main_start_button@2x.png in Resources */,
				900AEE9C1A2B706100848B57 /* main_bottom_background@2x.png in Resources */,
				900AEEB91A2B904600848B57 /* point_red@2x.png in Resources */,
				905510911A364E9D0001BB69 /* cell_disclosureIndicator@2x.png in Resources */,
				900AEE9B1A2B706100848B57 /* main_about_button_default@2x.png in Resources */,
				900AEE811A2B63BF00848B57 /* Default-568h@2x.png in Resources */,
				909385D21A2CDA48007D512D /* icon4@2x.png in Resources */,
				909385D11A2CDA48007D512D /* icon3@2x.png in Resources */,
				905510981A364EC50001BB69 /* cell_background_single@2x.png in Resources */,
				905510741A3643B00001BB69 /* settings_top_background@2x.png in Resources */,
				900AEE9D1A2B706100848B57 /* main_bubble_background@2x.png in Resources */,
				900AEE9F1A2B706100848B57 /* main_girl@2x.png in Resources */,
				905510991A364EC50001BB69 /* cell_background_top@2x.png in Resources */,
				905510961A364EC50001BB69 /* cell_background_bottom@2x.png in Resources */,
				905510971A364EC50001BB69 /* cell_background_middle@2x.png in Resources */,
			);
			runOnlyForDeploymentPostprocessing = 0;
		};
		900AEE531A2B5E7C00848B57 /* Resources */ = {
			isa = PBXResourcesBuildPhase;
			buildActionMask = 2147483647;
			files = (
			);
			runOnlyForDeploymentPostprocessing = 0;
		};
/* End PBXResourcesBuildPhase section */

/* Begin PBXSourcesBuildPhase section */
		900AEE381A2B5E7C00848B57 /* Sources */ = {
			isa = PBXSourcesBuildPhase;
			buildActionMask = 2147483647;
			files = (
				900AEE911A2B6DC500848B57 /* SVSegmentedThumb.m in Sources */,
				9055108B1A364DD60001BB69 /* UIImage+Additions.m in Sources */,
				900AEEA71A2B7C1100848B57 /* TMUtils.m in Sources */,
				900AEEAA1A2B8B0700848B57 /* TMCircleLayout.m in Sources */,
				905510821A364B580001BB69 /* TMSegmentCell.m in Sources */,
				905510851A364C100001BB69 /* TMSettingsCell.m in Sources */,
				900AEE701A2B638200848B57 /* TMMainViewController.m in Sources */,
				900AEE901A2B6DC500848B57 /* SVSegmentedControl.m in Sources */,
				9055107F1A36492B0001BB69 /* TMSettingsViewController.m in Sources */,
				900AEEAD1A2B8E6F00848B57 /* TMCircleCell.m in Sources */,
				900AEE421A2B5E7C00848B57 /* main.m in Sources */,
				900AEE6F1A2B638200848B57 /* TMAppDelegate.m in Sources */,
				9055108F1A364DEF0001BB69 /* UIView+Sizes.m in Sources */,
			);
			runOnlyForDeploymentPostprocessing = 0;
		};
		900AEE511A2B5E7C00848B57 /* Sources */ = {
			isa = PBXSourcesBuildPhase;
			buildActionMask = 2147483647;
			files = (
				900AEE5C1A2B5E7C00848B57 /* TMeterTests.m in Sources */,
			);
			runOnlyForDeploymentPostprocessing = 0;
		};
/* End PBXSourcesBuildPhase section */

/* Begin PBXTargetDependency section */
		900AEE571A2B5E7C00848B57 /* PBXTargetDependency */ = {
			isa = PBXTargetDependency;
			target = 900AEE3B1A2B5E7C00848B57 /* TMeter */;
			targetProxy = 900AEE561A2B5E7C00848B57 /* PBXContainerItemProxy */;
		};
/* End PBXTargetDependency section */

/* Begin PBXVariantGroup section */
		900AEE721A2B638C00848B57 /* Main.storyboard */ = {
			isa = PBXVariantGroup;
			children = (
				900AEE731A2B638C00848B57 /* Base */,
			);
			name = Main.storyboard;
			sourceTree = "<group>";
		};
/* End PBXVariantGroup section */

/* Begin XCBuildConfiguration section */
		900AEE5D1A2B5E7C00848B57 /* Debug */ = {
			isa = XCBuildConfiguration;
			buildSettings = {
				ALWAYS_SEARCH_USER_PATHS = NO;
				CLANG_CXX_LANGUAGE_STANDARD = "gnu++0x";
				CLANG_CXX_LIBRARY = "libc++";
				CLANG_ENABLE_MODULES = YES;
				CLANG_ENABLE_OBJC_ARC = YES;
				CLANG_WARN_BOOL_CONVERSION = YES;
				CLANG_WARN_CONSTANT_CONVERSION = YES;
				CLANG_WARN_DIRECT_OBJC_ISA_USAGE = YES_ERROR;
				CLANG_WARN_EMPTY_BODY = YES;
				CLANG_WARN_ENUM_CONVERSION = YES;
				CLANG_WARN_INT_CONVERSION = YES;
				CLANG_WARN_OBJC_ROOT_CLASS = YES_ERROR;
				CLANG_WARN_UNREACHABLE_CODE = YES;
				CLANG_WARN__DUPLICATE_METHOD_MATCH = YES;
				"CODE_SIGN_IDENTITY[sdk=iphoneos*]" = "iPhone Developer";
				COPY_PHASE_STRIP = NO;
				ENABLE_STRICT_OBJC_MSGSEND = YES;
				GCC_C_LANGUAGE_STANDARD = gnu99;
				GCC_DYNAMIC_NO_PIC = NO;
				GCC_OPTIMIZATION_LEVEL = 0;
				GCC_PREPROCESSOR_DEFINITIONS = (
					"DEBUG=1",
					"$(inherited)",
				);
				GCC_SYMBOLS_PRIVATE_EXTERN = NO;
				GCC_WARN_64_TO_32_BIT_CONVERSION = YES;
				GCC_WARN_ABOUT_RETURN_TYPE = YES_ERROR;
				GCC_WARN_UNDECLARED_SELECTOR = YES;
				GCC_WARN_UNINITIALIZED_AUTOS = YES_AGGRESSIVE;
				GCC_WARN_UNUSED_FUNCTION = YES;
				GCC_WARN_UNUSED_VARIABLE = YES;
				IPHONEOS_DEPLOYMENT_TARGET = 7.1;
				MTL_ENABLE_DEBUG_INFO = YES;
				ONLY_ACTIVE_ARCH = YES;
				SDKROOT = iphoneos;
			};
			name = Debug;
		};
		900AEE5E1A2B5E7C00848B57 /* Release */ = {
			isa = XCBuildConfiguration;
			buildSettings = {
				ALWAYS_SEARCH_USER_PATHS = NO;
				CLANG_CXX_LANGUAGE_STANDARD = "gnu++0x";
				CLANG_CXX_LIBRARY = "libc++";
				CLANG_ENABLE_MODULES = YES;
				CLANG_ENABLE_OBJC_ARC = YES;
				CLANG_WARN_BOOL_CONVERSION = YES;
				CLANG_WARN_CONSTANT_CONVERSION = YES;
				CLANG_WARN_DIRECT_OBJC_ISA_USAGE = YES_ERROR;
				CLANG_WARN_EMPTY_BODY = YES;
				CLANG_WARN_ENUM_CONVERSION = YES;
				CLANG_WARN_INT_CONVERSION = YES;
				CLANG_WARN_OBJC_ROOT_CLASS = YES_ERROR;
				CLANG_WARN_UNREACHABLE_CODE = YES;
				CLANG_WARN__DUPLICATE_METHOD_MATCH = YES;
				"CODE_SIGN_IDENTITY[sdk=iphoneos*]" = "iPhone Developer";
				COPY_PHASE_STRIP = YES;
				ENABLE_NS_ASSERTIONS = NO;
				ENABLE_STRICT_OBJC_MSGSEND = YES;
				GCC_C_LANGUAGE_STANDARD = gnu99;
				GCC_WARN_64_TO_32_BIT_CONVERSION = YES;
				GCC_WARN_ABOUT_RETURN_TYPE = YES_ERROR;
				GCC_WARN_UNDECLARED_SELECTOR = YES;
				GCC_WARN_UNINITIALIZED_AUTOS = YES_AGGRESSIVE;
				GCC_WARN_UNUSED_FUNCTION = YES;
				GCC_WARN_UNUSED_VARIABLE = YES;
				IPHONEOS_DEPLOYMENT_TARGET = 7.1;
				MTL_ENABLE_DEBUG_INFO = NO;
				SDKROOT = iphoneos;
				VALIDATE_PRODUCT = YES;
			};
			name = Release;
		};
		900AEE601A2B5E7C00848B57 /* Debug */ = {
			isa = XCBuildConfiguration;
			buildSettings = {
				CODE_SIGN_IDENTITY = "iPhone Developer";
				INFOPLIST_FILE = TMeter/Info.plist;
				LD_RUNPATH_SEARCH_PATHS = "$(inherited) @executable_path/Frameworks";
				PRODUCT_NAME = "$(TARGET_NAME)";
			};
			name = Debug;
		};
		900AEE611A2B5E7C00848B57 /* Release */ = {
			isa = XCBuildConfiguration;
			buildSettings = {
				CODE_SIGN_IDENTITY = "iPhone Developer";
				INFOPLIST_FILE = TMeter/Info.plist;
				LD_RUNPATH_SEARCH_PATHS = "$(inherited) @executable_path/Frameworks";
				PRODUCT_NAME = "$(TARGET_NAME)";
			};
			name = Release;
		};
		900AEE631A2B5E7C00848B57 /* Debug */ = {
			isa = XCBuildConfiguration;
			buildSettings = {
				BUNDLE_LOADER = "$(TEST_HOST)";
				FRAMEWORK_SEARCH_PATHS = (
					"$(SDKROOT)/Developer/Library/Frameworks",
					"$(inherited)",
				);
				GCC_PREPROCESSOR_DEFINITIONS = (
					"DEBUG=1",
					"$(inherited)",
				);
				INFOPLIST_FILE = TMeterTests/Info.plist;
				LD_RUNPATH_SEARCH_PATHS = "$(inherited) @executable_path/Frameworks @loader_path/Frameworks";
				PRODUCT_NAME = "$(TARGET_NAME)";
				TEST_HOST = "$(BUILT_PRODUCTS_DIR)/TMeter.app/TMeter";
			};
			name = Debug;
		};
		900AEE641A2B5E7C00848B57 /* Release */ = {
			isa = XCBuildConfiguration;
			buildSettings = {
				BUNDLE_LOADER = "$(TEST_HOST)";
				FRAMEWORK_SEARCH_PATHS = (
					"$(SDKROOT)/Developer/Library/Frameworks",
					"$(inherited)",
				);
				INFOPLIST_FILE = TMeterTests/Info.plist;
				LD_RUNPATH_SEARCH_PATHS = "$(inherited) @executable_path/Frameworks @loader_path/Frameworks";
				PRODUCT_NAME = "$(TARGET_NAME)";
				TEST_HOST = "$(BUILT_PRODUCTS_DIR)/TMeter.app/TMeter";
			};
			name = Release;
		};
/* End XCBuildConfiguration section */

/* Begin XCConfigurationList section */
		900AEE371A2B5E7C00848B57 /* Build configuration list for PBXProject "TMeter" */ = {
			isa = XCConfigurationList;
			buildConfigurations = (
				900AEE5D1A2B5E7C00848B57 /* Debug */,
				900AEE5E1A2B5E7C00848B57 /* Release */,
			);
			defaultConfigurationIsVisible = 0;
			defaultConfigurationName = Release;
		};
		900AEE5F1A2B5E7C00848B57 /* Build configuration list for PBXNativeTarget "TMeter" */ = {
			isa = XCConfigurationList;
			buildConfigurations = (
				900AEE601A2B5E7C00848B57 /* Debug */,
				900AEE611A2B5E7C00848B57 /* Release */,
			);
			defaultConfigurationIsVisible = 0;
			defaultConfigurationName = Release;
		};
		900AEE621A2B5E7C00848B57 /* Build configuration list for PBXNativeTarget "TMeterTests" */ = {
			isa = XCConfigurationList;
			buildConfigurations = (
				900AEE631A2B5E7C00848B57 /* Debug */,
				900AEE641A2B5E7C00848B57 /* Release */,
			);
			defaultConfigurationIsVisible = 0;
			defaultConfigurationName = Release;
		};
/* End XCConfigurationList section */
	};
	rootObject = 900AEE341A2B5E7C00848B57 /* Project object */;
}
